// !$*UTF8*$!
{
	archiveVersion = 1;
	classes = {
	};
	objectVersion = 56;
	objects = {

/* Begin PBXBuildFile section */
		6D9D108D2912B6520099A7D3 /* AppDelegate.swift in Sources */ = {isa = PBXBuildFile; fileRef = 6D9D108C2912B6520099A7D3 /* AppDelegate.swift */; };
		6D9D108F2912B6520099A7D3 /* SceneDelegate.swift in Sources */ = {isa = PBXBuildFile; fileRef = 6D9D108E2912B6520099A7D3 /* SceneDelegate.swift */; };
		6D9D10912912B6520099A7D3 /* ViewController.swift in Sources */ = {isa = PBXBuildFile; fileRef = 6D9D10902912B6520099A7D3 /* ViewController.swift */; };
		6D9D10942912B6520099A7D3 /* Main.storyboard in Resources */ = {isa = PBXBuildFile; fileRef = 6D9D10922912B6520099A7D3 /* Main.storyboard */; };
		6D9D10962912B6540099A7D3 /* Assets.xcassets in Resources */ = {isa = PBXBuildFile; fileRef = 6D9D10952912B6540099A7D3 /* Assets.xcassets */; };
		6D9D10992912B6540099A7D3 /* LaunchScreen.storyboard in Resources */ = {isa = PBXBuildFile; fileRef = 6D9D10972912B6540099A7D3 /* LaunchScreen.storyboard */; };
		6D9D10A12912B8200099A7D3 /* ProductCell.swift in Sources */ = {isa = PBXBuildFile; fileRef = 6D9D10A02912B8200099A7D3 /* ProductCell.swift */; };
		6D9D10A32912BA350099A7D3 /* Model.swift in Sources */ = {isa = PBXBuildFile; fileRef = 6D9D10A22912BA350099A7D3 /* Model.swift */; };
		6D9D10A92912CB1E0099A7D3 /* SettingsViewController.swift in Sources */ = {isa = PBXBuildFile; fileRef = 6D9D10A82912CB1E0099A7D3 /* SettingsViewController.swift */; };
		BE02D91CB2DD3F8A2F4C9DE6 /* Pods_lesson2412.framework in Frameworks */ = {isa = PBXBuildFile; fileRef = 613A94DEC7A1DFE2C112B61E /* Pods_lesson2412.framework */; };
/* End PBXBuildFile section */

/* Begin PBXFileReference section */
		14BC8A6019AA8B455E61F461 /* Pods-lesson2412.release.xcconfig */ = {isa = PBXFileReference; includeInIndex = 1; lastKnownFileType = text.xcconfig; name = "Pods-lesson2412.release.xcconfig"; path = "Target Support Files/Pods-lesson2412/Pods-lesson2412.release.xcconfig"; sourceTree = "<group>"; };
		613A94DEC7A1DFE2C112B61E /* Pods_lesson2412.framework */ = {isa = PBXFileReference; explicitFileType = wrapper.framework; includeInIndex = 0; path = Pods_lesson2412.framework; sourceTree = BUILT_PRODUCTS_DIR; };
		6D9D10892912B6520099A7D3 /* lesson2412.app */ = {isa = PBXFileReference; explicitFileType = wrapper.application; includeInIndex = 0; path = lesson2412.app; sourceTree = BUILT_PRODUCTS_DIR; };
		6D9D108C2912B6520099A7D3 /* AppDelegate.swift */ = {isa = PBXFileReference; lastKnownFileType = sourcecode.swift; path = AppDelegate.swift; sourceTree = "<group>"; };
		6D9D108E2912B6520099A7D3 /* SceneDelegate.swift */ = {isa = PBXFileReference; lastKnownFileType = sourcecode.swift; path = SceneDelegate.swift; sourceTree = "<group>"; };
		6D9D10902912B6520099A7D3 /* ViewController.swift */ = {isa = PBXFileReference; lastKnownFileType = sourcecode.swift; path = ViewController.swift; sourceTree = "<group>"; };
		6D9D10932912B6520099A7D3 /* Base */ = {isa = PBXFileReference; lastKnownFileType = file.storyboard; name = Base; path = Base.lproj/Main.storyboard; sourceTree = "<group>"; };
		6D9D10952912B6540099A7D3 /* Assets.xcassets */ = {isa = PBXFileReference; lastKnownFileType = folder.assetcatalog; path = Assets.xcassets; sourceTree = "<group>"; };
		6D9D10982912B6540099A7D3 /* Base */ = {isa = PBXFileReference; lastKnownFileType = file.storyboard; name = Base; path = Base.lproj/LaunchScreen.storyboard; sourceTree = "<group>"; };
		6D9D109A2912B6540099A7D3 /* Info.plist */ = {isa = PBXFileReference; lastKnownFileType = text.plist.xml; path = Info.plist; sourceTree = "<group>"; };
		6D9D10A02912B8200099A7D3 /* ProductCell.swift */ = {isa = PBXFileReference; lastKnownFileType = sourcecode.swift; path = ProductCell.swift; sourceTree = "<group>"; };
		6D9D10A22912BA350099A7D3 /* Model.swift */ = {isa = PBXFileReference; lastKnownFileType = sourcecode.swift; path = Model.swift; sourceTree = "<group>"; };
		6D9D10A82912CB1E0099A7D3 /* SettingsViewController.swift */ = {isa = PBXFileReference; lastKnownFileType = sourcecode.swift; path = SettingsViewController.swift; sourceTree = "<group>"; };
		9E225EF022ADFF0AC0A04F3A /* Pods-lesson2412.debug.xcconfig */ = {isa = PBXFileReference; includeInIndex = 1; lastKnownFileType = text.xcconfig; name = "Pods-lesson2412.debug.xcconfig"; path = "Target Support Files/Pods-lesson2412/Pods-lesson2412.debug.xcconfig"; sourceTree = "<group>"; };
/* End PBXFileReference section */

/* Begin PBXFrameworksBuildPhase section */
		6D9D10862912B6520099A7D3 /* Frameworks */ = {
			isa = PBXFrameworksBuildPhase;
			buildActionMask = 2147483647;
			files = (
				BE02D91CB2DD3F8A2F4C9DE6 /* Pods_lesson2412.framework in Frameworks */,
			);
			runOnlyForDeploymentPostprocessing = 0;
		};
/* End PBXFrameworksBuildPhase section */

/* Begin PBXGroup section */
		351FCFF9A0E615282D08E5F3 /* Frameworks */ = {
			isa = PBXGroup;
			children = (
				613A94DEC7A1DFE2C112B61E /* Pods_lesson2412.framework */,
			);
			name = Frameworks;
			sourceTree = "<group>";
		};
		6D9D10802912B6520099A7D3 = {
			isa = PBXGroup;
			children = (
				6D9D108B2912B6520099A7D3 /* lesson2412 */,
				6D9D108A2912B6520099A7D3 /* Products */,
				A733A13315C7BD68B7AFFFDE /* Pods */,
				351FCFF9A0E615282D08E5F3 /* Frameworks */,
			);
			sourceTree = "<group>";
		};
		6D9D108A2912B6520099A7D3 /* Products */ = {
			isa = PBXGroup;
			children = (
				6D9D10892912B6520099A7D3 /* lesson2412.app */,
			);
			name = Products;
			sourceTree = "<group>";
		};
		6D9D108B2912B6520099A7D3 /* lesson2412 */ = {
			isa = PBXGroup;
			children = (
				6D9D108C2912B6520099A7D3 /* AppDelegate.swift */,
				6D9D108E2912B6520099A7D3 /* SceneDelegate.swift */,
				6D9D10A82912CB1E0099A7D3 /* SettingsViewController.swift */,
				6D9D10902912B6520099A7D3 /* ViewController.swift */,
				6D9D10922912B6520099A7D3 /* Main.storyboard */,
				6D9D10A02912B8200099A7D3 /* ProductCell.swift */,
				6D9D10952912B6540099A7D3 /* Assets.xcassets */,
				6D9D10972912B6540099A7D3 /* LaunchScreen.storyboard */,
				6D9D109A2912B6540099A7D3 /* Info.plist */,
				6D9D10A22912BA350099A7D3 /* Model.swift */,
			);
			path = lesson2412;
			sourceTree = "<group>";
		};
		A733A13315C7BD68B7AFFFDE /* Pods */ = {
			isa = PBXGroup;
			children = (
				9E225EF022ADFF0AC0A04F3A /* Pods-lesson2412.debug.xcconfig */,
				14BC8A6019AA8B455E61F461 /* Pods-lesson2412.release.xcconfig */,
			);
			path = Pods;
			sourceTree = "<group>";
		};
/* End PBXGroup section */

/* Begin PBXNativeTarget section */
		6D9D10882912B6520099A7D3 /* lesson2412 */ = {
			isa = PBXNativeTarget;
			buildConfigurationList = 6D9D109D2912B6540099A7D3 /* Build configuration list for PBXNativeTarget "lesson2412" */;
			buildPhases = (
				644CE0C63FEC3D2C110844B0 /* [CP] Check Pods Manifest.lock */,
				6D9D10852912B6520099A7D3 /* Sources */,
				6D9D10862912B6520099A7D3 /* Frameworks */,
				6D9D10872912B6520099A7D3 /* Resources */,
				910ACC2F1D7444AD8872C279 /* [CP] Embed Pods Frameworks */,
			);
			buildRules = (
			);
			dependencies = (
			);
			name = lesson2412;
			productName = lesson2412;
			productReference = 6D9D10892912B6520099A7D3 /* lesson2412.app */;
			productType = "com.apple.product-type.application";
		};
/* End PBXNativeTarget section */

/* Begin PBXProject section */
		6D9D10812912B6520099A7D3 /* Project object */ = {
			isa = PBXProject;
			attributes = {
				BuildIndependentTargetsInParallel = 1;
				LastSwiftUpdateCheck = 1400;
				LastUpgradeCheck = 1400;
				TargetAttributes = {
					6D9D10882912B6520099A7D3 = {
						CreatedOnToolsVersion = 14.0.1;
					};
				};
			};
			buildConfigurationList = 6D9D10842912B6520099A7D3 /* Build configuration list for PBXProject "lesson2412" */;
			compatibilityVersion = "Xcode 14.0";
			developmentRegion = en;
			hasScannedForEncodings = 0;
			knownRegions = (
				en,
				Base,
			);
			mainGroup = 6D9D10802912B6520099A7D3;
			productRefGroup = 6D9D108A2912B6520099A7D3 /* Products */;
			projectDirPath = "";
			projectRoot = "";
			targets = (
				6D9D10882912B6520099A7D3 /* lesson2412 */,
			);
		};
/* End PBXProject section */

/* Begin PBXResourcesBuildPhase section */
		6D9D10872912B6520099A7D3 /* Resources */ = {
			isa = PBXResourcesBuildPhase;
			buildActionMask = 2147483647;
			files = (
				6D9D10992912B6540099A7D3 /* LaunchScreen.storyboard in Resources */,
				6D9D10962912B6540099A7D3 /* Assets.xcassets in Resources */,
				6D9D10942912B6520099A7D3 /* Main.storyboard in Resources */,
			);
			runOnlyForDeploymentPostprocessing = 0;
		};
/* End PBXResourcesBuildPhase section */

/* Begin PBXShellScriptBuildPhase section */
		644CE0C63FEC3D2C110844B0 /* [CP] Check Pods Manifest.lock */ = {
			isa = PBXShellScriptBuildPhase;
			buildActionMask = 2147483647;
			files = (
			);
			inputFileListPaths = (
			);
			inputPaths = (
				"${PODS_PODFILE_DIR_PATH}/Podfile.lock",
				"${PODS_ROOT}/Manifest.lock",
			);
			name = "[CP] Check Pods Manifest.lock";
			outputFileListPaths = (
			);
			outputPaths = (
				"$(DERIVED_FILE_DIR)/Pods-lesson2412-checkManifestLockResult.txt",
			);
			runOnlyForDeploymentPostprocessing = 0;
			shellPath = /bin/sh;
			shellScript = "diff \"${PODS_PODFILE_DIR_PATH}/Podfile.lock\" \"${PODS_ROOT}/Manifest.lock\" > /dev/null\nif [ $? != 0 ] ; then\n    # print error to STDERR\n    echo \"error: The sandbox is not in sync with the Podfile.lock. Run 'pod install' or update your CocoaPods installation.\" >&2\n    exit 1\nfi\n# This output is used by Xcode 'outputs' to avoid re-running this script phase.\necho \"SUCCESS\" > \"${SCRIPT_OUTPUT_FILE_0}\"\n";
			showEnvVarsInLog = 0;
		};
		910ACC2F1D7444AD8872C279 /* [CP] Embed Pods Frameworks */ = {
			isa = PBXShellScriptBuildPhase;
			buildActionMask = 2147483647;
			files = (
			);
			inputFileListPaths = (
				"${PODS_ROOT}/Target Support Files/Pods-lesson2412/Pods-lesson2412-frameworks-${CONFIGURATION}-input-files.xcfilelist",
			);
			name = "[CP] Embed Pods Frameworks";
			outputFileListPaths = (
				"${PODS_ROOT}/Target Support Files/Pods-lesson2412/Pods-lesson2412-frameworks-${CONFIGURATION}-output-files.xcfilelist",
			);
			runOnlyForDeploymentPostprocessing = 0;
			shellPath = /bin/sh;
			shellScript = "\"${PODS_ROOT}/Target Support Files/Pods-lesson2412/Pods-lesson2412-frameworks.sh\"\n";
			showEnvVarsInLog = 0;
		};
/* End PBXShellScriptBuildPhase section */

/* Begin PBXSourcesBuildPhase section */
		6D9D10852912B6520099A7D3 /* Sources */ = {
			isa = PBXSourcesBuildPhase;
			buildActionMask = 2147483647;
			files = (
				6D9D10A32912BA350099A7D3 /* Model.swift in Sources */,
				6D9D10912912B6520099A7D3 /* ViewController.swift in Sources */,
				6D9D10A12912B8200099A7D3 /* ProductCell.swift in Sources */,
				6D9D108D2912B6520099A7D3 /* AppDelegate.swift in Sources */,
				6D9D108F2912B6520099A7D3 /* SceneDelegate.swift in Sources */,
				6D9D10A92912CB1E0099A7D3 /* SettingsViewController.swift in Sources */,
			);
			runOnlyForDeploymentPostprocessing = 0;
		};
/* End PBXSourcesBuildPhase section */

/* Begin PBXVariantGroup section */
		6D9D10922912B6520099A7D3 /* Main.storyboard */ = {
			isa = PBXVariantGroup;
			children = (
				6D9D10932912B6520099A7D3 /* Base */,
			);
			name = Main.storyboard;
			sourceTree = "<group>";
		};
		6D9D10972912B6540099A7D3 /* LaunchScreen.storyboard */ = {
			isa = PBXVariantGroup;
			children = (
				6D9D10982912B6540099A7D3 /* Base */,
			);
			name = LaunchScreen.storyboard;
			sourceTree = "<group>";
		};
/* End PBXVariantGroup section */

/* Begin XCBuildConfiguration section */
		6D9D109B2912B6540099A7D3 /* Debug */ = {
			isa = XCBuildConfiguration;
			buildSettings = {
				ALWAYS_SEARCH_USER_PATHS = NO;
				CLANG_ANALYZER_NONNULL = YES;
				CLANG_ANALYZER_NUMBER_OBJECT_CONVERSION = YES_AGGRESSIVE;
				CLANG_CXX_LANGUAGE_STANDARD = "gnu++20";
				CLANG_ENABLE_MODULES = YES;
				CLANG_ENABLE_OBJC_ARC = YES;
				CLANG_ENABLE_OBJC_WEAK = YES;
				CLANG_WARN_BLOCK_CAPTURE_AUTORELEASING = YES;
				CLANG_WARN_BOOL_CONVERSION = YES;
				CLANG_WARN_COMMA = YES;
				CLANG_WARN_CONSTANT_CONVERSION = YES;
				CLANG_WARN_DEPRECATED_OBJC_IMPLEMENTATIONS = YES;
				CLANG_WARN_DIRECT_OBJC_ISA_USAGE = YES_ERROR;
				CLANG_WARN_DOCUMENTATION_COMMENTS = YES;
				CLANG_WARN_EMPTY_BODY = YES;
				CLANG_WARN_ENUM_CONVERSION = YES;
				CLANG_WARN_INFINITE_RECURSION = YES;
				CLANG_WARN_INT_CONVERSION = YES;
				CLANG_WARN_NON_LITERAL_NULL_CONVERSION = YES;
				CLANG_WARN_OBJC_IMPLICIT_RETAIN_SELF = YES;
				CLANG_WARN_OBJC_LITERAL_CONVERSION = YES;
				CLANG_WARN_OBJC_ROOT_CLASS = YES_ERROR;
				CLANG_WARN_QUOTED_INCLUDE_IN_FRAMEWORK_HEADER = YES;
				CLANG_WARN_RANGE_LOOP_ANALYSIS = YES;
				CLANG_WARN_STRICT_PROTOTYPES = YES;
				CLANG_WARN_SUSPICIOUS_MOVE = YES;
				CLANG_WARN_UNGUARDED_AVAILABILITY = YES_AGGRESSIVE;
				CLANG_WARN_UNREACHABLE_CODE = YES;
				CLANG_WARN__DUPLICATE_METHOD_MATCH = YES;
				COPY_PHASE_STRIP = NO;
				DEBUG_INFORMATION_FORMAT = dwarf;
				ENABLE_STRICT_OBJC_MSGSEND = YES;
				ENABLE_TESTABILITY = YES;
				GCC_C_LANGUAGE_STANDARD = gnu11;
				GCC_DYNAMIC_NO_PIC = NO;
				GCC_NO_COMMON_BLOCKS = YES;
				GCC_OPTIMIZATION_LEVEL = 0;
				GCC_PREPROCESSOR_DEFINITIONS = (
					"DEBUG=1",
					"$(inherited)",
				);
				GCC_WARN_64_TO_32_BIT_CONVERSION = YES;
				GCC_WARN_ABOUT_RETURN_TYPE = YES_ERROR;
				GCC_WARN_UNDECLARED_SELECTOR = YES;
				GCC_WARN_UNINITIALIZED_AUTOS = YES_AGGRESSIVE;
				GCC_WARN_UNUSED_FUNCTION = YES;
				GCC_WARN_UNUSED_VARIABLE = YES;
				IPHONEOS_DEPLOYMENT_TARGET = 16.0;
				MTL_ENABLE_DEBUG_INFO = INCLUDE_SOURCE;
				MTL_FAST_MATH = YES;
				ONLY_ACTIVE_ARCH = YES;
				SDKROOT = iphoneos;
				SWIFT_ACTIVE_COMPILATION_CONDITIONS = DEBUG;
				SWIFT_OPTIMIZATION_LEVEL = "-Onone";
			};
			name = Debug;
		};
		6D9D109C2912B6540099A7D3 /* Release */ = {
			isa = XCBuildConfiguration;
			buildSettings = {
				ALWAYS_SEARCH_USER_PATHS = NO;
				CLANG_ANALYZER_NONNULL = YES;
				CLANG_ANALYZER_NUMBER_OBJECT_CONVERSION = YES_AGGRESSIVE;
				CLANG_CXX_LANGUAGE_STANDARD = "gnu++20";
				CLANG_ENABLE_MODULES = YES;
				CLANG_ENABLE_OBJC_ARC = YES;
				CLANG_ENABLE_OBJC_WEAK = YES;
				CLANG_WARN_BLOCK_CAPTURE_AUTORELEASING = YES;
				CLANG_WARN_BOOL_CONVERSION = YES;
				CLANG_WARN_COMMA = YES;
				CLANG_WARN_CONSTANT_CONVERSION = YES;
				CLANG_WARN_DEPRECATED_OBJC_IMPLEMENTATIONS = YES;
				CLANG_WARN_DIRECT_OBJC_ISA_USAGE = YES_ERROR;
				CLANG_WARN_DOCUMENTATION_COMMENTS = YES;
				CLANG_WARN_EMPTY_BODY = YES;
				CLANG_WARN_ENUM_CONVERSION = YES;
				CLANG_WARN_INFINITE_RECURSION = YES;
				CLANG_WARN_INT_CONVERSION = YES;
				CLANG_WARN_NON_LITERAL_NULL_CONVERSION = YES;
				CLANG_WARN_OBJC_IMPLICIT_RETAIN_SELF = YES;
				CLANG_WARN_OBJC_LITERAL_CONVERSION = YES;
				CLANG_WARN_OBJC_ROOT_CLASS = YES_ERROR;
				CLANG_WARN_QUOTED_INCLUDE_IN_FRAMEWORK_HEADER = YES;
				CLANG_WARN_RANGE_LOOP_ANALYSIS = YES;
				CLANG_WARN_STRICT_PROTOTYPES = YES;
				CLANG_WARN_SUSPICIOUS_MOVE = YES;
				CLANG_WARN_UNGUARDED_AVAILABILITY = YES_AGGRESSIVE;
				CLANG_WARN_UNREACHABLE_CODE = YES;
				CLANG_WARN__DUPLICATE_METHOD_MATCH = YES;
				COPY_PHASE_STRIP = NO;
				DEBUG_INFORMATION_FORMAT = "dwarf-with-dsym";
				ENABLE_NS_ASSERTIONS = NO;
				ENABLE_STRICT_OBJC_MSGSEND = YES;
				GCC_C_LANGUAGE_STANDARD = gnu11;
				GCC_NO_COMMON_BLOCKS = YES;
				GCC_WARN_64_TO_32_BIT_CONVERSION = YES;
				GCC_WARN_ABOUT_RETURN_TYPE = YES_ERROR;
				GCC_WARN_UNDECLARED_SELECTOR = YES;
				GCC_WARN_UNINITIALIZED_AUTOS = YES_AGGRESSIVE;
				GCC_WARN_UNUSED_FUNCTION = YES;
				GCC_WARN_UNUSED_VARIABLE = YES;
				IPHONEOS_DEPLOYMENT_TARGET = 16.0;
				MTL_ENABLE_DEBUG_INFO = NO;
				MTL_FAST_MATH = YES;
				SDKROOT = iphoneos;
				SWIFT_COMPILATION_MODE = wholemodule;
				SWIFT_OPTIMIZATION_LEVEL = "-O";
				VALIDATE_PRODUCT = YES;
			};
			name = Release;
		};
		6D9D109E2912B6540099A7D3 /* Debug */ = {
			isa = XCBuildConfiguration;
			baseConfigurationReference = 9E225EF022ADFF0AC0A04F3A /* Pods-lesson2412.debug.xcconfig */;
			buildSettings = {
				ASSETCATALOG_COMPILER_APPICON_NAME = AppIcon;
				ASSETCATALOG_COMPILER_GLOBAL_ACCENT_COLOR_NAME = AccentColor;
				CODE_SIGN_STYLE = Automatic;
				CURRENT_PROJECT_VERSION = 1;
				DEVELOPMENT_TEAM = 65DRR277K2;
				GENERATE_INFOPLIST_FILE = YES;
				INFOPLIST_FILE = lesson2412/Info.plist;
				INFOPLIST_KEY_UIApplicationSupportsIndirectInputEvents = YES;
				INFOPLIST_KEY_UILaunchStoryboardName = LaunchScreen;
				INFOPLIST_KEY_UIMainStoryboardFile = Main;
				INFOPLIST_KEY_UISupportedInterfaceOrientations_iPad = "UIInterfaceOrientationPortrait UIInterfaceOrientationPortraitUpsideDown UIInterfaceOrientationLandscapeLeft UIInterfaceOrientationLandscapeRight";
				INFOPLIST_KEY_UISupportedInterfaceOrientations_iPhone = "UIInterfaceOrientationPortrait UIInterfaceOrientationLandscapeLeft UIInterfaceOrientationLandscapeRight";
				LD_RUNPATH_SEARCH_PATHS = (
					"$(inherited)",
					"@executable_path/Frameworks",
				);
				MARKETING_VERSION = 1.0;
				PRODUCT_BUNDLE_IDENTIFIER = gt.lesson2412;
				PRODUCT_NAME = "$(TARGET_NAME)";
				SWIFT_EMIT_LOC_STRINGS = YES;
				SWIFT_VERSION = 5.0;
				TARGETED_DEVICE_FAMILY = "1,2";
			};
			name = Debug;
		};
		6D9D109F2912B6540099A7D3 /* Release */ = {
			isa = XCBuildConfiguration;
			baseConfigurationReference = 14BC8A6019AA8B455E61F461 /* Pods-lesson2412.release.xcconfig */;
			buildSettings = {
				ASSETCATALOG_COMPILER_APPICON_NAME = AppIcon;
				ASSETCATALOG_COMPILER_GLOBAL_ACCENT_COLOR_NAME = AccentColor;
				CODE_SIGN_STYLE = Automatic;
				CURRENT_PROJECT_VERSION = 1;
				DEVELOPMENT_TEAM = 65DRR277K2;
				GENERATE_INFOPLIST_FILE = YES;
				INFOPLIST_FILE = lesson2412/Info.plist;
				INFOPLIST_KEY_UIApplicationSupportsIndirectInputEvents = YES;
				INFOPLIST_KEY_UILaunchStoryboardName = LaunchScreen;
				INFOPLIST_KEY_UIMainStoryboardFile = Main;
				INFOPLIST_KEY_UISupportedInterfaceOrientations_iPad = "UIInterfaceOrientationPortrait UIInterfaceOrientationPortraitUpsideDown UIInterfaceOrientationLandscapeLeft UIInterfaceOrientationLandscapeRight";
				INFOPLIST_KEY_UISupportedInterfaceOrientations_iPhone = "UIInterfaceOrientationPortrait UIInterfaceOrientationLandscapeLeft UIInterfaceOrientationLandscapeRight";
				LD_RUNPATH_SEARCH_PATHS = (
					"$(inherited)",
					"@executable_path/Frameworks",
				);
				MARKETING_VERSION = 1.0;
				PRODUCT_BUNDLE_IDENTIFIER = gt.lesson2412;
				PRODUCT_NAME = "$(TARGET_NAME)";
				SWIFT_EMIT_LOC_STRINGS = YES;
				SWIFT_VERSION = 5.0;
				TARGETED_DEVICE_FAMILY = "1,2";
			};
			name = Release;
		};
/* End XCBuildConfiguration section */

/* Begin XCConfigurationList section */
		6D9D10842912B6520099A7D3 /* Build configuration list for PBXProject "lesson2412" */ = {
			isa = XCConfigurationList;
			buildConfigurations = (
				6D9D109B2912B6540099A7D3 /* Debug */,
				6D9D109C2912B6540099A7D3 /* Release */,
			);
			defaultConfigurationIsVisible = 0;
			defaultConfigurationName = Release;
		};
		6D9D109D2912B6540099A7D3 /* Build configuration list for PBXNativeTarget "lesson2412" */ = {
			isa = XCConfigurationList;
			buildConfigurations = (
				6D9D109E2912B6540099A7D3 /* Debug */,
				6D9D109F2912B6540099A7D3 /* Release */,
			);
			defaultConfigurationIsVisible = 0;
			defaultConfigurationName = Release;
		};
/* End XCConfigurationList section */
	};
	rootObject = 6D9D10812912B6520099A7D3 /* Project object */;
}
